PODS:
  - Flutter (1.0.0)
  - qoreidsdk (1.0.11):
    - Flutter
    - QoreIDSDK
  - QoreIDSDK (2.0.0):
    - QoreIDSDKDependencies
  - QoreIDSDKDependencies (1.0.7)

DEPENDENCIES:
  - Flutter (from `Flutter`)
  - qoreidsdk (from `.symlinks/plugins/qoreidsdk/ios`)

SPEC REPOS:
  trunk:
    - QoreIDSDK
    - QoreIDSDKDependencies

EXTERNAL SOURCES:
  Flutter:
    :path: Flutter
  qoreidsdk:
    :path: ".symlinks/plugins/qoreidsdk/ios"

SPEC CHECKSUMS:
  Flutter: e0871f40cf51350855a761d2e70bf5af5b9b5de7
  QoreIDSDK: f4545200eaaba8102b83c34cba1efedd1dd8f478
  qoreidsdk: 67c771d0c54a5dc7605314b0531f1a44a16012af
  QoreIDSDKDependencies: 7e772a6e9689675100b008c1d5578f3b684c8c24

PODFILE CHECKSUM: 5a2ad402fd87d35f0ef988c17501a59ea4014e9c

COCOAPODS: 1.16.2
