PODS:
  - Flutter (1.0.0)
  - qoreidsdk (1.0.11):
    - Flutter
    - QoreIDSDK
  - QoreIDSDK (1.0.6):
    - QoreIDSDKDependencies
  - QoreIDSDKDependencies (1.0.4)

DEPENDENCIES:
  - Flutter (from `Flutter`)
  - qoreidsdk (from `.symlinks/plugins/qoreidsdk/ios`)

SPEC REPOS:
  trunk:
    - QoreIDSDK
    - QoreIDSDKDependencies

EXTERNAL SOURCES:
  Flutter:
    :path: Flutter
  qoreidsdk:
    :path: ".symlinks/plugins/qoreidsdk/ios"

SPEC CHECKSUMS:
  Flutter: e0871f40cf51350855a761d2e70bf5af5b9b5de7
  QoreIDSDK: ad55fdc516b7ed9eb425776b682fb81727daada1
  qoreidsdk: 819676c69e35c561f5c3d43fe3b915e269dd3f22
  QoreIDSDKDependencies: 475a8a7b79fc60ac194d1d83295b65fc038e28c1

PODFILE CHECKSUM: 5a2ad402fd87d35f0ef988c17501a59ea4014e9c

COCOAPODS: 1.15.2
