PODS:
  - Flutter (1.0.0)
  - qoreidsdk (0.0.1):
    - Flutter
    - QoreIDSDK
  - QoreIDSDK (1.0.0):
    - QoreIDSDKDependencies
  - QoreIDSDKDependencies (1.0.0)

DEPENDENCIES:
  - Flutter (from `Flutter`)
  - qoreidsdk (from `.symlinks/plugins/qoreidsdk/ios`)

SPEC REPOS:
  trunk:
    - QoreIDSDK
    - QoreIDSDKDependencies

EXTERNAL SOURCES:
  Flutter:
    :path: Flutter
  qoreidsdk:
    :path: ".symlinks/plugins/qoreidsdk/ios"

SPEC CHECKSUMS:
  Flutter: f04841e97a9d0b0a8025694d0796dd46242b2854
  QoreIDSDK: 14c37610c33daaf3244d0c1153b917e78b1a213f
  qoreidsdk: 2c45547f1eae099324af337ba2dee2c321c27f43
  QoreIDSDKDependencies: bbf5a9654072cc36d237ddef5523f011d0b91d4e

PODFILE CHECKSUM: f818e3a0789cfd93777003fdf39301a4d259cd4d

COCOAPODS: 1.13.0
